
Microsoft Visual Studio Solution File, Format Version 12.00
# Visual Studio 2013
VisualStudioVersion = 12.0.30723.0
MinimumVisualStudioVersion = 10.0.40219.1
Project("{FAE04EC0-301F-11D3-BF4B-00C04F79EFBC}") = "RWS", "RWS\RWS.csproj", "{921C59F4-9D57-452B-B104-0989AC47D176}"
EndProject
Project("{FAE04EC0-301F-11D3-BF4B-00C04F79EFBC}") = "RWS.DAL", "RWS.DAL\RWS.DAL.csproj", "{070DA500-C0F6-4EDF-9F81-7F1C829365D8}"
EndProject
Global
	GlobalSection(SolutionConfigurationPlatforms) = preSolution
		Debug|Any CPU = Debug|Any CPU
		Release|Any CPU = Release|Any CPU
	EndGlobalSection
	GlobalSection(ProjectConfigurationPlatforms) = postSolution
		{921C59F4-9D57-452B-B104-0989AC47D176}.Debug|Any CPU.ActiveCfg = Debug|Any CPU
		{921C59F4-9D57-452B-B104-0989AC47D176}.Debug|Any CPU.Build.0 = Debug|Any CPU
		{921C59F4-9D57-452B-B104-0989AC47D176}.Release|Any CPU.ActiveCfg = Release|Any CPU
		{921C59F4-9D57-452B-B104-0989AC47D176}.Release|Any CPU.Build.0 = Release|Any CPU
		{070DA500-C0F6-4EDF-9F81-7F1C829365D8}.Debug|Any CPU.ActiveCfg = Debug|Any CPU
		{070DA500-C0F6-4EDF-9F81-7F1C829365D8}.Debug|Any CPU.Build.0 = Debug|Any CPU
		{070DA500-C0F6-4EDF-9F81-7F1C829365D8}.Release|Any CPU.ActiveCfg = Release|Any CPU
		{070DA500-C0F6-4EDF-9F81-7F1C829365D8}.Release|Any CPU.Build.0 = Release|Any CPU
	EndGlobalSection
	GlobalSection(SolutionProperties) = preSolution
		HideSolutionNode = FALSE
	EndGlobalSection
EndGlobal
